// !$*UTF8*$!
{
	archiveVersion = 1;
	classes = {
	};
	objectVersion = 56;
	objects = {

/* Begin PBXBuildFile section */
		D120739E2BB5C66000699C7A /* DragonBallAppApp.swift in Sources */ = {isa = PBXBuildFile; fileRef = D120739D2BB5C66000699C7A /* DragonBallAppApp.swift */; };
		D12073A02BB5C66000699C7A /* ContentView.swift in Sources */ = {isa = PBXBuildFile; fileRef = D120739F2BB5C66000699C7A /* ContentView.swift */; };
		D12073A22BB5C66100699C7A /* Assets.xcassets in Resources */ = {isa = PBXBuildFile; fileRef = D12073A12BB5C66100699C7A /* Assets.xcassets */; };
		D12073A52BB5C66100699C7A /* Preview Assets.xcassets in Resources */ = {isa = PBXBuildFile; fileRef = D12073A42BB5C66100699C7A /* Preview Assets.xcassets */; };
		D12073AC2BB5C68B00699C7A /* NetworkManager.swift in Sources */ = {isa = PBXBuildFile; fileRef = D12073AB2BB5C68B00699C7A /* NetworkManager.swift */; };
		D12073AE2BB5C72F00699C7A /* CharacterResponse.swift in Sources */ = {isa = PBXBuildFile; fileRef = D12073AD2BB5C72F00699C7A /* CharacterResponse.swift */; };
		D12073B02BB5CE7500699C7A /* DBViewModel.swift in Sources */ = {isa = PBXBuildFile; fileRef = D12073AF2BB5CE7500699C7A /* DBViewModel.swift */; };
		D12073B32BB5D3FE00699C7A /* Kingfisher in Frameworks */ = {isa = PBXBuildFile; productRef = D12073B22BB5D3FE00699C7A /* Kingfisher */; };
		D12073B52BB5D68C00699C7A /* ImageCharacterView.swift in Sources */ = {isa = PBXBuildFile; fileRef = D12073B42BB5D68C00699C7A /* ImageCharacterView.swift */; };
		D12073B72BB5D74800699C7A /* MockData.swift in Sources */ = {isa = PBXBuildFile; fileRef = D12073B62BB5D74800699C7A /* MockData.swift */; };
		D12073B92BB5D89900699C7A /* DBCharacterCellView.swift in Sources */ = {isa = PBXBuildFile; fileRef = D12073B82BB5D89900699C7A /* DBCharacterCellView.swift */; };
/* End PBXBuildFile section */

/* Begin PBXFileReference section */
		D120739A2BB5C66000699C7A /* DragonBallApp.app */ = {isa = PBXFileReference; explicitFileType = wrapper.application; includeInIndex = 0; path = DragonBallApp.app; sourceTree = BUILT_PRODUCTS_DIR; };
		D120739D2BB5C66000699C7A /* DragonBallAppApp.swift */ = {isa = PBXFileReference; lastKnownFileType = sourcecode.swift; path = DragonBallAppApp.swift; sourceTree = "<group>"; };
		D120739F2BB5C66000699C7A /* ContentView.swift */ = {isa = PBXFileReference; lastKnownFileType = sourcecode.swift; path = ContentView.swift; sourceTree = "<group>"; };
		D12073A12BB5C66100699C7A /* Assets.xcassets */ = {isa = PBXFileReference; lastKnownFileType = folder.assetcatalog; path = Assets.xcassets; sourceTree = "<group>"; };
		D12073A42BB5C66100699C7A /* Preview Assets.xcassets */ = {isa = PBXFileReference; lastKnownFileType = folder.assetcatalog; path = "Preview Assets.xcassets"; sourceTree = "<group>"; };
		D12073AB2BB5C68B00699C7A /* NetworkManager.swift */ = {isa = PBXFileReference; lastKnownFileType = sourcecode.swift; path = NetworkManager.swift; sourceTree = "<group>"; };
		D12073AD2BB5C72F00699C7A /* CharacterResponse.swift */ = {isa = PBXFileReference; lastKnownFileType = sourcecode.swift; path = CharacterResponse.swift; sourceTree = "<group>"; };
		D12073AF2BB5CE7500699C7A /* DBViewModel.swift */ = {isa = PBXFileReference; lastKnownFileType = sourcecode.swift; path = DBViewModel.swift; sourceTree = "<group>"; };
		D12073B42BB5D68C00699C7A /* ImageCharacterView.swift */ = {isa = PBXFileReference; lastKnownFileType = sourcecode.swift; path = ImageCharacterView.swift; sourceTree = "<group>"; };
		D12073B62BB5D74800699C7A /* MockData.swift */ = {isa = PBXFileReference; lastKnownFileType = sourcecode.swift; path = MockData.swift; sourceTree = "<group>"; };
		D12073B82BB5D89900699C7A /* DBCharacterCellView.swift */ = {isa = PBXFileReference; lastKnownFileType = sourcecode.swift; path = DBCharacterCellView.swift; sourceTree = "<group>"; };
/* End PBXFileReference section */

/* Begin PBXFrameworksBuildPhase section */
		D12073972BB5C66000699C7A /* Frameworks */ = {
			isa = PBXFrameworksBuildPhase;
			buildActionMask = 2147483647;
			files = (
				D12073B32BB5D3FE00699C7A /* Kingfisher in Frameworks */,
			);
			runOnlyForDeploymentPostprocessing = 0;
		};
/* End PBXFrameworksBuildPhase section */

/* Begin PBXGroup section */
		D12073912BB5C66000699C7A = {
			isa = PBXGroup;
			children = (
				D120739C2BB5C66000699C7A /* DragonBallApp */,
				D120739B2BB5C66000699C7A /* Products */,
			);
			sourceTree = "<group>";
		};
		D120739B2BB5C66000699C7A /* Products */ = {
			isa = PBXGroup;
			children = (
				D120739A2BB5C66000699C7A /* DragonBallApp.app */,
			);
			name = Products;
			sourceTree = "<group>";
		};
		D120739C2BB5C66000699C7A /* DragonBallApp */ = {
			isa = PBXGroup;
			children = (
				D120739D2BB5C66000699C7A /* DragonBallAppApp.swift */,
				D120739F2BB5C66000699C7A /* ContentView.swift */,
				D12073A12BB5C66100699C7A /* Assets.xcassets */,
				D12073A32BB5C66100699C7A /* Preview Content */,
				D12073AB2BB5C68B00699C7A /* NetworkManager.swift */,
				D12073AF2BB5CE7500699C7A /* DBViewModel.swift */,
				D12073AD2BB5C72F00699C7A /* CharacterResponse.swift */,
				D12073B42BB5D68C00699C7A /* ImageCharacterView.swift */,
				D12073B62BB5D74800699C7A /* MockData.swift */,
				D12073B82BB5D89900699C7A /* DBCharacterCellView.swift */,
			);
			path = DragonBallApp;
			sourceTree = "<group>";
		};
		D12073A32BB5C66100699C7A /* Preview Content */ = {
			isa = PBXGroup;
			children = (
				D12073A42BB5C66100699C7A /* Preview Assets.xcassets */,
			);
			path = "Preview Content";
			sourceTree = "<group>";
		};
/* End PBXGroup section */

/* Begin PBXNativeTarget section */
		D12073992BB5C66000699C7A /* DragonBallApp */ = {
			isa = PBXNativeTarget;
			buildConfigurationList = D12073A82BB5C66100699C7A /* Build configuration list for PBXNativeTarget "DragonBallApp" */;
			buildPhases = (
				D12073962BB5C66000699C7A /* Sources */,
				D12073972BB5C66000699C7A /* Frameworks */,
				D12073982BB5C66000699C7A /* Resources */,
			);
			buildRules = (
			);
			dependencies = (
			);
			name = DragonBallApp;
			packageProductDependencies = (
				D12073B22BB5D3FE00699C7A /* Kingfisher */,
			);
			productName = DragonBallApp;
			productReference = D120739A2BB5C66000699C7A /* DragonBallApp.app */;
			productType = "com.apple.product-type.application";
		};
/* End PBXNativeTarget section */

/* Begin PBXProject section */
		D12073922BB5C66000699C7A /* Project object */ = {
			isa = PBXProject;
			attributes = {
				BuildIndependentTargetsInParallel = 1;
				LastSwiftUpdateCheck = 1510;
				LastUpgradeCheck = 1510;
				TargetAttributes = {
					D12073992BB5C66000699C7A = {
						CreatedOnToolsVersion = 15.1;
					};
				};
			};
			buildConfigurationList = D12073952BB5C66000699C7A /* Build configuration list for PBXProject "DragonBallApp" */;
			compatibilityVersion = "Xcode 14.0";
			developmentRegion = en;
			hasScannedForEncodings = 0;
			knownRegions = (
				en,
				Base,
			);
			mainGroup = D12073912BB5C66000699C7A;
			packageReferences = (
				D12073B12BB5D3FE00699C7A /* XCRemoteSwiftPackageReference "Kingfisher" */,
			);
			productRefGroup = D120739B2BB5C66000699C7A /* Products */;
			projectDirPath = "";
			projectRoot = "";
			targets = (
				D12073992BB5C66000699C7A /* DragonBallApp */,
			);
		};
/* End PBXProject section */

/* Begin PBXResourcesBuildPhase section */
		D12073982BB5C66000699C7A /* Resources */ = {
			isa = PBXResourcesBuildPhase;
			buildActionMask = 2147483647;
			files = (
				D12073A52BB5C66100699C7A /* Preview Assets.xcassets in Resources */,
				D12073A22BB5C66100699C7A /* Assets.xcassets in Resources */,
			);
			runOnlyForDeploymentPostprocessing = 0;
		};
/* End PBXResourcesBuildPhase section */

/* Begin PBXSourcesBuildPhase section */
		D12073962BB5C66000699C7A /* Sources */ = {
			isa = PBXSourcesBuildPhase;
			buildActionMask = 2147483647;
			files = (
				D12073B52BB5D68C00699C7A /* ImageCharacterView.swift in Sources */,
				D12073AC2BB5C68B00699C7A /* NetworkManager.swift in Sources */,
				D12073B92BB5D89900699C7A /* DBCharacterCellView.swift in Sources */,
				D12073B02BB5CE7500699C7A /* DBViewModel.swift in Sources */,
				D12073A02BB5C66000699C7A /* ContentView.swift in Sources */,
				D12073AE2BB5C72F00699C7A /* CharacterResponse.swift in Sources */,
				D12073B72BB5D74800699C7A /* MockData.swift in Sources */,
				D120739E2BB5C66000699C7A /* DragonBallAppApp.swift in Sources */,
			);
			runOnlyForDeploymentPostprocessing = 0;
		};
/* End PBXSourcesBuildPhase section */

/* Begin XCBuildConfiguration section */
		D12073A62BB5C66100699C7A /* Debug */ = {
			isa = XCBuildConfiguration;
			buildSettings = {
				ALWAYS_SEARCH_USER_PATHS = NO;
				ASSETCATALOG_COMPILER_GENERATE_SWIFT_ASSET_SYMBOL_EXTENSIONS = YES;
				CLANG_ANALYZER_NONNULL = YES;
				CLANG_ANALYZER_NUMBER_OBJECT_CONVERSION = YES_AGGRESSIVE;
				CLANG_CXX_LANGUAGE_STANDARD = "gnu++20";
				CLANG_ENABLE_MODULES = YES;
				CLANG_ENABLE_OBJC_ARC = YES;
				CLANG_ENABLE_OBJC_WEAK = YES;
				CLANG_WARN_BLOCK_CAPTURE_AUTORELEASING = YES;
				CLANG_WARN_BOOL_CONVERSION = YES;
				CLANG_WARN_COMMA = YES;
				CLANG_WARN_CONSTANT_CONVERSION = YES;
				CLANG_WARN_DEPRECATED_OBJC_IMPLEMENTATIONS = YES;
				CLANG_WARN_DIRECT_OBJC_ISA_USAGE = YES_ERROR;
				CLANG_WARN_DOCUMENTATION_COMMENTS = YES;
				CLANG_WARN_EMPTY_BODY = YES;
				CLANG_WARN_ENUM_CONVERSION = YES;
				CLANG_WARN_INFINITE_RECURSION = YES;
				CLANG_WARN_INT_CONVERSION = YES;
				CLANG_WARN_NON_LITERAL_NULL_CONVERSION = YES;
				CLANG_WARN_OBJC_IMPLICIT_RETAIN_SELF = YES;
				CLANG_WARN_OBJC_LITERAL_CONVERSION = YES;
				CLANG_WARN_OBJC_ROOT_CLASS = YES_ERROR;
				CLANG_WARN_QUOTED_INCLUDE_IN_FRAMEWORK_HEADER = YES;
				CLANG_WARN_RANGE_LOOP_ANALYSIS = YES;
				CLANG_WARN_STRICT_PROTOTYPES = YES;
				CLANG_WARN_SUSPICIOUS_MOVE = YES;
				CLANG_WARN_UNGUARDED_AVAILABILITY = YES_AGGRESSIVE;
				CLANG_WARN_UNREACHABLE_CODE = YES;
				CLANG_WARN__DUPLICATE_METHOD_MATCH = YES;
				COPY_PHASE_STRIP = NO;
				DEBUG_INFORMATION_FORMAT = dwarf;
				ENABLE_STRICT_OBJC_MSGSEND = YES;
				ENABLE_TESTABILITY = YES;
				ENABLE_USER_SCRIPT_SANDBOXING = YES;
				GCC_C_LANGUAGE_STANDARD = gnu17;
				GCC_DYNAMIC_NO_PIC = NO;
				GCC_NO_COMMON_BLOCKS = YES;
				GCC_OPTIMIZATION_LEVEL = 0;
				GCC_PREPROCESSOR_DEFINITIONS = (
					"DEBUG=1",
					"$(inherited)",
				);
				GCC_WARN_64_TO_32_BIT_CONVERSION = YES;
				GCC_WARN_ABOUT_RETURN_TYPE = YES_ERROR;
				GCC_WARN_UNDECLARED_SELECTOR = YES;
				GCC_WARN_UNINITIALIZED_AUTOS = YES_AGGRESSIVE;
				GCC_WARN_UNUSED_FUNCTION = YES;
				GCC_WARN_UNUSED_VARIABLE = YES;
				IPHONEOS_DEPLOYMENT_TARGET = 17.2;
				LOCALIZATION_PREFERS_STRING_CATALOGS = YES;
				MTL_ENABLE_DEBUG_INFO = INCLUDE_SOURCE;
				MTL_FAST_MATH = YES;
				ONLY_ACTIVE_ARCH = YES;
				SDKROOT = iphoneos;
				SWIFT_ACTIVE_COMPILATION_CONDITIONS = "DEBUG $(inherited)";
				SWIFT_OPTIMIZATION_LEVEL = "-Onone";
			};
			name = Debug;
		};
		D12073A72BB5C66100699C7A /* Release */ = {
			isa = XCBuildConfiguration;
			buildSettings = {
				ALWAYS_SEARCH_USER_PATHS = NO;
				ASSETCATALOG_COMPILER_GENERATE_SWIFT_ASSET_SYMBOL_EXTENSIONS = YES;
				CLANG_ANALYZER_NONNULL = YES;
				CLANG_ANALYZER_NUMBER_OBJECT_CONVERSION = YES_AGGRESSIVE;
				CLANG_CXX_LANGUAGE_STANDARD = "gnu++20";
				CLANG_ENABLE_MODULES = YES;
				CLANG_ENABLE_OBJC_ARC = YES;
				CLANG_ENABLE_OBJC_WEAK = YES;
				CLANG_WARN_BLOCK_CAPTURE_AUTORELEASING = YES;
				CLANG_WARN_BOOL_CONVERSION = YES;
				CLANG_WARN_COMMA = YES;
				CLANG_WARN_CONSTANT_CONVERSION = YES;
				CLANG_WARN_DEPRECATED_OBJC_IMPLEMENTATIONS = YES;
				CLANG_WARN_DIRECT_OBJC_ISA_USAGE = YES_ERROR;
				CLANG_WARN_DOCUMENTATION_COMMENTS = YES;
				CLANG_WARN_EMPTY_BODY = YES;
				CLANG_WARN_ENUM_CONVERSION = YES;
				CLANG_WARN_INFINITE_RECURSION = YES;
				CLANG_WARN_INT_CONVERSION = YES;
				CLANG_WARN_NON_LITERAL_NULL_CONVERSION = YES;
				CLANG_WARN_OBJC_IMPLICIT_RETAIN_SELF = YES;
				CLANG_WARN_OBJC_LITERAL_CONVERSION = YES;
				CLANG_WARN_OBJC_ROOT_CLASS = YES_ERROR;
				CLANG_WARN_QUOTED_INCLUDE_IN_FRAMEWORK_HEADER = YES;
				CLANG_WARN_RANGE_LOOP_ANALYSIS = YES;
				CLANG_WARN_STRICT_PROTOTYPES = YES;
				CLANG_WARN_SUSPICIOUS_MOVE = YES;
				CLANG_WARN_UNGUARDED_AVAILABILITY = YES_AGGRESSIVE;
				CLANG_WARN_UNREACHABLE_CODE = YES;
				CLANG_WARN__DUPLICATE_METHOD_MATCH = YES;
				COPY_PHASE_STRIP = NO;
				DEBUG_INFORMATION_FORMAT = "dwarf-with-dsym";
				ENABLE_NS_ASSERTIONS = NO;
				ENABLE_STRICT_OBJC_MSGSEND = YES;
				ENABLE_USER_SCRIPT_SANDBOXING = YES;
				GCC_C_LANGUAGE_STANDARD = gnu17;
				GCC_NO_COMMON_BLOCKS = YES;
				GCC_WARN_64_TO_32_BIT_CONVERSION = YES;
				GCC_WARN_ABOUT_RETURN_TYPE = YES_ERROR;
				GCC_WARN_UNDECLARED_SELECTOR = YES;
				GCC_WARN_UNINITIALIZED_AUTOS = YES_AGGRESSIVE;
				GCC_WARN_UNUSED_FUNCTION = YES;
				GCC_WARN_UNUSED_VARIABLE = YES;
				IPHONEOS_DEPLOYMENT_TARGET = 17.2;
				LOCALIZATION_PREFERS_STRING_CATALOGS = YES;
				MTL_ENABLE_DEBUG_INFO = NO;
				MTL_FAST_MATH = YES;
				SDKROOT = iphoneos;
				SWIFT_COMPILATION_MODE = wholemodule;
				VALIDATE_PRODUCT = YES;
			};
			name = Release;
		};
		D12073A92BB5C66100699C7A /* Debug */ = {
			isa = XCBuildConfiguration;
			buildSettings = {
				ASSETCATALOG_COMPILER_APPICON_NAME = AppIcon;
				ASSETCATALOG_COMPILER_GLOBAL_ACCENT_COLOR_NAME = AccentColor;
				CODE_SIGN_STYLE = Automatic;
				CURRENT_PROJECT_VERSION = 1;
				DEVELOPMENT_ASSET_PATHS = "\"DragonBallApp/Preview Content\"";
				DEVELOPMENT_TEAM = DYCUD2KNPS;
				ENABLE_PREVIEWS = YES;
				GENERATE_INFOPLIST_FILE = YES;
				INFOPLIST_KEY_UIApplicationSceneManifest_Generation = YES;
				INFOPLIST_KEY_UIApplicationSupportsIndirectInputEvents = YES;
				INFOPLIST_KEY_UILaunchScreen_Generation = YES;
				INFOPLIST_KEY_UISupportedInterfaceOrientations_iPad = "UIInterfaceOrientationPortrait UIInterfaceOrientationPortraitUpsideDown UIInterfaceOrientationLandscapeLeft UIInterfaceOrientationLandscapeRight";
				INFOPLIST_KEY_UISupportedInterfaceOrientations_iPhone = "UIInterfaceOrientationPortrait UIInterfaceOrientationLandscapeLeft UIInterfaceOrientationLandscapeRight";
				LD_RUNPATH_SEARCH_PATHS = (
					"$(inherited)",
					"@executable_path/Frameworks",
				);
				MARKETING_VERSION = 1.0;
				PRODUCT_BUNDLE_IDENTIFIER = dev.marcoguevara.DragonBallApp;
				PRODUCT_NAME = "$(TARGET_NAME)";
				SWIFT_EMIT_LOC_STRINGS = YES;
				SWIFT_VERSION = 5.0;
				TARGETED_DEVICE_FAMILY = "1,2";
			};
			name = Debug;
		};
		D12073AA2BB5C66100699C7A /* Release */ = {
			isa = XCBuildConfiguration;
			buildSettings = {
				ASSETCATALOG_COMPILER_APPICON_NAME = AppIcon;
				ASSETCATALOG_COMPILER_GLOBAL_ACCENT_COLOR_NAME = AccentColor;
				CODE_SIGN_STYLE = Automatic;
				CURRENT_PROJECT_VERSION = 1;
				DEVELOPMENT_ASSET_PATHS = "\"DragonBallApp/Preview Content\"";
				DEVELOPMENT_TEAM = DYCUD2KNPS;
				ENABLE_PREVIEWS = YES;
				GENERATE_INFOPLIST_FILE = YES;
				INFOPLIST_KEY_UIApplicationSceneManifest_Generation = YES;
				INFOPLIST_KEY_UIApplicationSupportsIndirectInputEvents = YES;
				INFOPLIST_KEY_UILaunchScreen_Generation = YES;
				INFOPLIST_KEY_UISupportedInterfaceOrientations_iPad = "UIInterfaceOrientationPortrait UIInterfaceOrientationPortraitUpsideDown UIInterfaceOrientationLandscapeLeft UIInterfaceOrientationLandscapeRight";
				INFOPLIST_KEY_UISupportedInterfaceOrientations_iPhone = "UIInterfaceOrientationPortrait UIInterfaceOrientationLandscapeLeft UIInterfaceOrientationLandscapeRight";
				LD_RUNPATH_SEARCH_PATHS = (
					"$(inherited)",
					"@executable_path/Frameworks",
				);
				MARKETING_VERSION = 1.0;
				PRODUCT_BUNDLE_IDENTIFIER = dev.marcoguevara.DragonBallApp;
				PRODUCT_NAME = "$(TARGET_NAME)";
				SWIFT_EMIT_LOC_STRINGS = YES;
				SWIFT_VERSION = 5.0;
				TARGETED_DEVICE_FAMILY = "1,2";
			};
			name = Release;
		};
/* End XCBuildConfiguration section */

/* Begin XCConfigurationList section */
		D12073952BB5C66000699C7A /* Build configuration list for PBXProject "DragonBallApp" */ = {
			isa = XCConfigurationList;
			buildConfigurations = (
				D12073A62BB5C66100699C7A /* Debug */,
				D12073A72BB5C66100699C7A /* Release */,
			);
			defaultConfigurationIsVisible = 0;
			defaultConfigurationName = Release;
		};
		D12073A82BB5C66100699C7A /* Build configuration list for PBXNativeTarget "DragonBallApp" */ = {
			isa = XCConfigurationList;
			buildConfigurations = (
				D12073A92BB5C66100699C7A /* Debug */,
				D12073AA2BB5C66100699C7A /* Release */,
			);
			defaultConfigurationIsVisible = 0;
			defaultConfigurationName = Release;
		};
/* End XCConfigurationList section */

/* Begin XCRemoteSwiftPackageReference section */
		D12073B12BB5D3FE00699C7A /* XCRemoteSwiftPackageReference "Kingfisher" */ = {
			isa = XCRemoteSwiftPackageReference;
			repositoryURL = "https://github.com/onevcat/Kingfisher.git";
			requirement = {
				kind = upToNextMajorVersion;
				minimumVersion = 7.11.0;
			};
		};
/* End XCRemoteSwiftPackageReference section */

/* Begin XCSwiftPackageProductDependency section */
		D12073B22BB5D3FE00699C7A /* Kingfisher */ = {
			isa = XCSwiftPackageProductDependency;
			package = D12073B12BB5D3FE00699C7A /* XCRemoteSwiftPackageReference "Kingfisher" */;
			productName = Kingfisher;
		};
/* End XCSwiftPackageProductDependency section */
	};
	rootObject = D12073922BB5C66000699C7A /* Project object */;
}
